
Microsoft Visual Studio Solution File, Format Version 12.00
# Visual Studio Version 17
VisualStudioVersion = 17.0.32126.317
MinimumVisualStudioVersion = 10.0.40219.1
Project("{FAE04EC0-301F-11D3-BF4B-00C04F79EFBC}") = "IndicationsLibrary", "IndicationsLibrary\IndicationsLibrary.csproj", "{208A1A4B-1E3D-4C9F-82F3-5B7724FA0AC7}"
	ProjectSection(ProjectDependencies) = postProject
		{ED1D3823-5C94-4AFB-A38D-B27E0EE16700} = {ED1D3823-5C94-4AFB-A38D-B27E0EE16700}
	EndProjectSection
EndProject
Project("{9A19103F-16F7-4668-BE54-9A1E7A4F7556}") = "KzmpEnergyIndications", "..\..\kzmp_energy_desktop\kzmp_energy_v2.0\KzmpEnergyIndications\KzmpEnergyIndications.csproj", "{ED1D3823-5C94-4AFB-A38D-B27E0EE16700}"
EndProject
Global
	GlobalSection(SolutionConfigurationPlatforms) = preSolution
		Debug|Any CPU = Debug|Any CPU
		Release|Any CPU = Release|Any CPU
	EndGlobalSection
	GlobalSection(ProjectConfigurationPlatforms) = postSolution
		{208A1A4B-1E3D-4C9F-82F3-5B7724FA0AC7}.Debug|Any CPU.ActiveCfg = Debug|Any CPU
		{208A1A4B-1E3D-4C9F-82F3-5B7724FA0AC7}.Debug|Any CPU.Build.0 = Debug|Any CPU
		{208A1A4B-1E3D-4C9F-82F3-5B7724FA0AC7}.Release|Any CPU.ActiveCfg = Release|Any CPU
		{208A1A4B-1E3D-4C9F-82F3-5B7724FA0AC7}.Release|Any CPU.Build.0 = Release|Any CPU
		{ED1D3823-5C94-4AFB-A38D-B27E0EE16700}.Debug|Any CPU.ActiveCfg = Debug|Any CPU
		{ED1D3823-5C94-4AFB-A38D-B27E0EE16700}.Debug|Any CPU.Build.0 = Debug|Any CPU
		{ED1D3823-5C94-4AFB-A38D-B27E0EE16700}.Release|Any CPU.ActiveCfg = Release|Any CPU
		{ED1D3823-5C94-4AFB-A38D-B27E0EE16700}.Release|Any CPU.Build.0 = Release|Any CPU
	EndGlobalSection
	GlobalSection(SolutionProperties) = preSolution
		HideSolutionNode = FALSE
	EndGlobalSection
	GlobalSection(ExtensibilityGlobals) = postSolution
		SolutionGuid = {80DBF01E-97F8-424B-AFBD-4F3AD80BFADA}
	EndGlobalSection
EndGlobal
